
Microsoft Visual Studio Solution File, Format Version 12.00
# Visual Studio 15
VisualStudioVersion = 15.0.28010.2041
MinimumVisualStudioVersion = 10.0.40219.1
Project("{FAE04EC0-301F-11D3-BF4B-00C04F79EFBC}") = "AllDesignPatterns", "AllDesignPatterns\AllDesignPatterns.csproj", "{211A9C2C-58E8-4866-BD61-DDE7EC0E7052}"
EndProject
Global
	GlobalSection(SolutionConfigurationPlatforms) = preSolution
		Debug|Any CPU = Debug|Any CPU
		Release|Any CPU = Release|Any CPU
	EndGlobalSection
	GlobalSection(ProjectConfigurationPlatforms) = postSolution
		{211A9C2C-58E8-4866-BD61-DDE7EC0E7052}.Debug|Any CPU.ActiveCfg = Debug|Any CPU
		{211A9C2C-58E8-4866-BD61-DDE7EC0E7052}.Debug|Any CPU.Build.0 = Debug|Any CPU
		{211A9C2C-58E8-4866-BD61-DDE7EC0E7052}.Release|Any CPU.ActiveCfg = Release|Any CPU
		{211A9C2C-58E8-4866-BD61-DDE7EC0E7052}.Release|Any CPU.Build.0 = Release|Any CPU
	EndGlobalSection
	GlobalSection(SolutionProperties) = preSolution
		HideSolutionNode = FALSE
	EndGlobalSection
	GlobalSection(ExtensibilityGlobals) = postSolution
		SolutionGuid = {CF0594EE-105D-43D6-BC46-628D008E0918}
	EndGlobalSection
EndGlobal
